#
# This file is autogenerated by pip-compile with Python 3.12
# by the following command:
#
#    pip-compile --allow-unsafe --extra=test --output-file=requirements.lock --strip-extras pyproject.toml
#
annotated-doc==0.0.5
    # via fastapi
annotated-types==0.8.0
    # via pydantic
anyio==4.14.2
    # via
    #   httpx2
    #   starlette
build==1.5.0
    # via pip-tools
certifi==2026.7.22
    # via requests
charset-normalizer==3.5.1
    # via requests
click==8.4.2
    # via
    #   pip-tools
    #   uvicorn
execnet==2.1.2
    # via pytest-xdist
fastapi==0.141.1
    # via vaipex-test-reliability-release-confidence-control-plane (pyproject.toml)
greenlet==3.5.5
    # via playwright
h11==0.16.0
    # via
    #   httpcore2
    #   uvicorn
httpcore2==2.10.0
    # via httpx2
httpx2==2.10.0
    # via vaipex-test-reliability-release-confidence-control-plane (pyproject.toml)
idna==3.18
    # via
    #   anyio
    #   httpx2
    #   requests
iniconfig==2.3.0
    # via pytest
jinja2==3.1.6
    # via
    #   pytest-html
    #   vaipex-test-reliability-release-confidence-control-plane (pyproject.toml)
markupsafe==3.0.3
    # via jinja2
packaging==26.3
    # via
    #   build
    #   pytest
    #   pytest-rerunfailures
    #   wheel
pip-tools==7.6.1
    # via vaipex-test-reliability-release-confidence-control-plane (pyproject.toml)
playwright==1.62.0
    # via
    #   pytest-playwright
    #   vaipex-test-reliability-release-confidence-control-plane (pyproject.toml)
pluggy==1.6.0
    # via pytest
pydantic==2.13.4
    # via fastapi
pydantic-core==2.46.4
    # via pydantic
pyee==13.0.1
    # via playwright
pygments==2.20.0
    # via pytest
pyproject-hooks==1.2.0
    # via
    #   build
    #   pip-tools
pytest==9.1.1
    # via
    #   pytest-base-url
    #   pytest-html
    #   pytest-metadata
    #   pytest-playwright
    #   pytest-rerunfailures
    #   pytest-xdist
    #   vaipex-test-reliability-release-confidence-control-plane (pyproject.toml)
pytest-base-url==2.1.0
    # via pytest-playwright
pytest-html==4.2.0
    # via vaipex-test-reliability-release-confidence-control-plane (pyproject.toml)
pytest-metadata==3.1.1
    # via pytest-html
pytest-playwright==0.9.0
    # via vaipex-test-reliability-release-confidence-control-plane (pyproject.toml)
pytest-rerunfailures==16.4
    # via vaipex-test-reliability-release-confidence-control-plane (pyproject.toml)
pytest-xdist==3.8.0
    # via vaipex-test-reliability-release-confidence-control-plane (pyproject.toml)
python-slugify==8.0.4
    # via pytest-playwright
requests==2.34.2
    # via pytest-base-url
ruff==0.16.3
    # via vaipex-test-reliability-release-confidence-control-plane (pyproject.toml)
starlette==1.6.0
    # via fastapi
text-unidecode==1.3
    # via python-slugify
truststore==0.10.4
    # via
    #   httpcore2
    #   httpx2
typing-extensions==4.16.0
    # via
    #   anyio
    #   fastapi
    #   httpx2
    #   pydantic
    #   pydantic-core
    #   pyee
    #   starlette
    #   typing-inspection
typing-inspection==0.4.4
    # via
    #   fastapi
    #   pydantic
urllib3==2.7.0
    # via requests
uvicorn==0.52.3
    # via vaipex-test-reliability-release-confidence-control-plane (pyproject.toml)
wheel==0.48.0
    # via pip-tools

# The following packages are considered to be unsafe in a requirements file:
pip==26.2.1
    # via pip-tools
setuptools==84.0.0
    # via pip-tools
